
Microsoft Visual Studio Solution File, Format Version 12.00
# Visual Studio Version 17
VisualStudioVersion = 17.3.32901.215
MinimumVisualStudioVersion = 10.0.40219.1
Project("{FAE04EC0-301F-11D3-BF4B-00C04F79EFBC}") = "HouseAVet", "HouseAVet\HouseAVet.csproj", "{B3B8B29A-E020-4CF3-8D50-F46F7A841A6E}"
EndProject
Global
	GlobalSection(SolutionConfigurationPlatforms) = preSolution
		Debug|Any CPU = Debug|Any CPU
		Release|Any CPU = Release|Any CPU
	EndGlobalSection
	GlobalSection(ProjectConfigurationPlatforms) = postSolution
		{B3B8B29A-E020-4CF3-8D50-F46F7A841A6E}.Debug|Any CPU.ActiveCfg = Debug|Any CPU
		{B3B8B29A-E020-4CF3-8D50-F46F7A841A6E}.Debug|Any CPU.Build.0 = Debug|Any CPU
		{B3B8B29A-E020-4CF3-8D50-F46F7A841A6E}.Release|Any CPU.ActiveCfg = Release|Any CPU
		{B3B8B29A-E020-4CF3-8D50-F46F7A841A6E}.Release|Any CPU.Build.0 = Release|Any CPU
	EndGlobalSection
	GlobalSection(SolutionProperties) = preSolution
		HideSolutionNode = FALSE
	EndGlobalSection
	GlobalSection(ExtensibilityGlobals) = postSolution
		SolutionGuid = {7666517D-8260-4F85-BB69-31E33A697122}
	EndGlobalSection
EndGlobal
